Microsoft Visual Studio Solution File, Format Version 11.00
# Visual Studio 2008

Project("{3A06E51A-6ACE-F4A0-59A3-D4C98F6C202E}") = "Hand of Golf 2", "Assembly-CSharp-firstpass.csproj", "{1DFAE72E-A533-F8DE-1F3A-71578B5E3D24}"
EndProject
Project("{3A06E51A-6ACE-F4A0-59A3-D4C98F6C202E}") = "Hand of Golf 2", "Assembly-CSharp.csproj", "{F01049C4-F44F-C340-A319-E194DF3C684D}"
EndProject
Project("{3A06E51A-6ACE-F4A0-59A3-D4C98F6C202E}") = "Hand of Golf 2", "Assembly-CSharp-Editor.csproj", "{BD301908-878D-A7EA-D73F-7E118C216B22}"
EndProject
Project("{3A06E51A-6ACE-F4A0-59A3-D4C98F6C202E}") = "Hand of Golf 2", "Assembly-UnityScript-firstpass.unityproj", "{5EB3A759-CE9F-3AF7-9958-01AF7BABDE5C}"
EndProject
Project("{3A06E51A-6ACE-F4A0-59A3-D4C98F6C202E}") = "Hand of Golf 2", "Assembly-UnityScript.unityproj", "{40B867E4-F4F7-3AD4-7CF3-AAD10EE2B418}"
EndProject
Global
	GlobalSection(SolutionConfigurationPlatforms) = preSolution
		Debug|Any CPU = Debug|Any CPU
		Release|Any CPU = Release|Any CPU
	EndGlobalSection
	GlobalSection(ProjectConfigurationPlatforms) = postSolution
		{1DFAE72E-A533-F8DE-1F3A-71578B5E3D24}.Debug|Any CPU.ActiveCfg = Debug|Any CPU
		{1DFAE72E-A533-F8DE-1F3A-71578B5E3D24}.Debug|Any CPU.Build.0 = Debug|Any CPU
		{1DFAE72E-A533-F8DE-1F3A-71578B5E3D24}.Release|Any CPU.ActiveCfg = Release|Any CPU
		{1DFAE72E-A533-F8DE-1F3A-71578B5E3D24}.Release|Any CPU.Build.0 = Release|Any CPU
		{F01049C4-F44F-C340-A319-E194DF3C684D}.Debug|Any CPU.ActiveCfg = Debug|Any CPU
		{F01049C4-F44F-C340-A319-E194DF3C684D}.Debug|Any CPU.Build.0 = Debug|Any CPU
		{F01049C4-F44F-C340-A319-E194DF3C684D}.Release|Any CPU.ActiveCfg = Release|Any CPU
		{F01049C4-F44F-C340-A319-E194DF3C684D}.Release|Any CPU.Build.0 = Release|Any CPU
		{BD301908-878D-A7EA-D73F-7E118C216B22}.Debug|Any CPU.ActiveCfg = Debug|Any CPU
		{BD301908-878D-A7EA-D73F-7E118C216B22}.Debug|Any CPU.Build.0 = Debug|Any CPU
		{BD301908-878D-A7EA-D73F-7E118C216B22}.Release|Any CPU.ActiveCfg = Release|Any CPU
		{BD301908-878D-A7EA-D73F-7E118C216B22}.Release|Any CPU.Build.0 = Release|Any CPU
		{5EB3A759-CE9F-3AF7-9958-01AF7BABDE5C}.Debug|Any CPU.ActiveCfg = Debug|Any CPU
		{5EB3A759-CE9F-3AF7-9958-01AF7BABDE5C}.Debug|Any CPU.Build.0 = Debug|Any CPU
		{5EB3A759-CE9F-3AF7-9958-01AF7BABDE5C}.Release|Any CPU.ActiveCfg = Release|Any CPU
		{5EB3A759-CE9F-3AF7-9958-01AF7BABDE5C}.Release|Any CPU.Build.0 = Release|Any CPU
		{40B867E4-F4F7-3AD4-7CF3-AAD10EE2B418}.Debug|Any CPU.ActiveCfg = Debug|Any CPU
		{40B867E4-F4F7-3AD4-7CF3-AAD10EE2B418}.Debug|Any CPU.Build.0 = Debug|Any CPU
		{40B867E4-F4F7-3AD4-7CF3-AAD10EE2B418}.Release|Any CPU.ActiveCfg = Release|Any CPU
		{40B867E4-F4F7-3AD4-7CF3-AAD10EE2B418}.Release|Any CPU.Build.0 = Release|Any CPU
	EndGlobalSection
	GlobalSection(SolutionProperties) = preSolution
		HideSolutionNode = FALSE
	EndGlobalSection
																			GlobalSection(MonoDevelopProperties) = preSolution
		StartupItem = Assembly-CSharp.csproj
		Policies = $0
		$0.TextStylePolicy = $1
		$1.inheritsSet = null
		$1.scope = text/x-csharp
		$0.CSharpFormattingPolicy = $2
		$2.inheritsSet = Mono
		$2.inheritsScope = text/x-csharp
		$2.scope = text/x-csharp
		$0.TextStylePolicy = $3
		$3.FileWidth = 120
		$3.TabWidth = 4
		$3.IndentWidth = 4
		$3.EolMarker = Unix
		$3.inheritsSet = Mono
		$3.inheritsScope = text/plain
		$3.scope = text/plain
	EndGlobalSection

EndGlobal
